
Microsoft Visual Studio Solution File, Format Version 10.00
# Visual Studio 2008
Project("{FAE04EC0-301F-11D3-BF4B-00C04F79EFBC}") = "Administrator", "Administrator\Administrator.csproj", "{DDB05270-69E5-4124-9BAD-44635A346D32}"
EndProject
Project("{FAE04EC0-301F-11D3-BF4B-00C04F79EFBC}") = "tAlert.DbVersion", "tAlert.DbVersion\tAlert.DbVersion.csproj", "{B25DEA53-E49C-440D-B467-18A685371D18}"
EndProject
Project("{2150E333-8FDC-42A3-9474-1A3956D46DE8}") = "ALProjects", "ALProjects", "{2F0D8DFB-F4FE-4ED9-82AE-E82FD3F52FFA}"
EndProject
Project("{FAE04EC0-301F-11D3-BF4B-00C04F79EFBC}") = "ALProjects.Core", "ALProjects\ALProjects.Core\ALProjects.Core.csproj", "{31949282-4C93-4992-8F47-422A6692D537}"
EndProject
Project("{FAE04EC0-301F-11D3-BF4B-00C04F79EFBC}") = "ALProjects.Core.Config", "ALProjects\ALProjects.Core.Config\ALProjects.Core.Config.csproj", "{64ABA125-745B-46C3-A764-8EE7AFEEFAA1}"
EndProject
Project("{FAE04EC0-301F-11D3-BF4B-00C04F79EFBC}") = "ALProjects.Core.Utilites", "ALProjects\ALProjects.Core.Utilites\ALProjects.Core.Utilites.csproj", "{FEF36460-65ED-42A0-8F1B-EF3B447C1E9B}"
EndProject
Project("{FAE04EC0-301F-11D3-BF4B-00C04F79EFBC}") = "ALProjects.Common.AppState", "ALProjects\ALProjects.Common.AppState\ALProjects.Common.AppState.csproj", "{5552989A-6E6F-497D-95FD-A87B7D123916}"
EndProject
Project("{FAE04EC0-301F-11D3-BF4B-00C04F79EFBC}") = "ALProjects.Core.Modules", "ALProjects\ALProjects.Common.Modules\ALProjects.Core.Modules.csproj", "{312C8699-0C8C-4D27-84B9-0F07F1F02982}"
EndProject
Project("{FAE04EC0-301F-11D3-BF4B-00C04F79EFBC}") = "ALProjects.Data.BusinessAccessLevel", "ALProjects\ALProjects.Data.BusinessAccessLevel\ALProjects.Data.BusinessAccessLevel.csproj", "{91EB2AEE-5B3A-4160-AFB2-3B39AFCE61E2}"
EndProject
Project("{FAE04EC0-301F-11D3-BF4B-00C04F79EFBC}") = "ALProjects.Data.Common", "ALProjects\ALProjects.Data.Common\ALProjects.Data.Common.csproj", "{481C25C3-F8DB-40D0-8DE0-5D7A2107A645}"
EndProject
Project("{FAE04EC0-301F-11D3-BF4B-00C04F79EFBC}") = "ALProjects.Data.DataAccessLevel", "ALProjects\ALProjects.Data.DataAccessLevel\ALProjects.Data.DataAccessLevel.csproj", "{C13062E5-8828-4ACA-8DC1-8716ACC3F42B}"
EndProject
Project("{FAE04EC0-301F-11D3-BF4B-00C04F79EFBC}") = "ALProjects.Security", "ALProjects\ALProjects.Security\ALProjects.Security.csproj", "{0555BE94-D4E7-4C12-9A91-C9D2644A982B}"
EndProject
Global
	GlobalSection(SolutionConfigurationPlatforms) = preSolution
		Debug|Any CPU = Debug|Any CPU
		Release|Any CPU = Release|Any CPU
	EndGlobalSection
	GlobalSection(ProjectConfigurationPlatforms) = postSolution
		{DDB05270-69E5-4124-9BAD-44635A346D32}.Debug|Any CPU.ActiveCfg = Debug|Any CPU
		{DDB05270-69E5-4124-9BAD-44635A346D32}.Debug|Any CPU.Build.0 = Debug|Any CPU
		{DDB05270-69E5-4124-9BAD-44635A346D32}.Release|Any CPU.ActiveCfg = Release|Any CPU
		{DDB05270-69E5-4124-9BAD-44635A346D32}.Release|Any CPU.Build.0 = Release|Any CPU
		{B25DEA53-E49C-440D-B467-18A685371D18}.Debug|Any CPU.ActiveCfg = Debug|Any CPU
		{B25DEA53-E49C-440D-B467-18A685371D18}.Debug|Any CPU.Build.0 = Debug|Any CPU
		{B25DEA53-E49C-440D-B467-18A685371D18}.Release|Any CPU.ActiveCfg = Release|Any CPU
		{B25DEA53-E49C-440D-B467-18A685371D18}.Release|Any CPU.Build.0 = Release|Any CPU
		{31949282-4C93-4992-8F47-422A6692D537}.Debug|Any CPU.ActiveCfg = Debug|Any CPU
		{31949282-4C93-4992-8F47-422A6692D537}.Debug|Any CPU.Build.0 = Debug|Any CPU
		{31949282-4C93-4992-8F47-422A6692D537}.Release|Any CPU.ActiveCfg = Release|Any CPU
		{31949282-4C93-4992-8F47-422A6692D537}.Release|Any CPU.Build.0 = Release|Any CPU
		{64ABA125-745B-46C3-A764-8EE7AFEEFAA1}.Debug|Any CPU.ActiveCfg = Debug|Any CPU
		{64ABA125-745B-46C3-A764-8EE7AFEEFAA1}.Debug|Any CPU.Build.0 = Debug|Any CPU
		{64ABA125-745B-46C3-A764-8EE7AFEEFAA1}.Release|Any CPU.ActiveCfg = Release|Any CPU
		{64ABA125-745B-46C3-A764-8EE7AFEEFAA1}.Release|Any CPU.Build.0 = Release|Any CPU
		{FEF36460-65ED-42A0-8F1B-EF3B447C1E9B}.Debug|Any CPU.ActiveCfg = Debug|Any CPU
		{FEF36460-65ED-42A0-8F1B-EF3B447C1E9B}.Debug|Any CPU.Build.0 = Debug|Any CPU
		{FEF36460-65ED-42A0-8F1B-EF3B447C1E9B}.Release|Any CPU.ActiveCfg = Release|Any CPU
		{FEF36460-65ED-42A0-8F1B-EF3B447C1E9B}.Release|Any CPU.Build.0 = Release|Any CPU
		{5552989A-6E6F-497D-95FD-A87B7D123916}.Debug|Any CPU.ActiveCfg = Debug|Any CPU
		{5552989A-6E6F-497D-95FD-A87B7D123916}.Debug|Any CPU.Build.0 = Debug|Any CPU
		{5552989A-6E6F-497D-95FD-A87B7D123916}.Release|Any CPU.ActiveCfg = Release|Any CPU
		{5552989A-6E6F-497D-95FD-A87B7D123916}.Release|Any CPU.Build.0 = Release|Any CPU
		{312C8699-0C8C-4D27-84B9-0F07F1F02982}.Debug|Any CPU.ActiveCfg = Debug|Any CPU
		{312C8699-0C8C-4D27-84B9-0F07F1F02982}.Debug|Any CPU.Build.0 = Debug|Any CPU
		{312C8699-0C8C-4D27-84B9-0F07F1F02982}.Release|Any CPU.ActiveCfg = Release|Any CPU
		{312C8699-0C8C-4D27-84B9-0F07F1F02982}.Release|Any CPU.Build.0 = Release|Any CPU
		{91EB2AEE-5B3A-4160-AFB2-3B39AFCE61E2}.Debug|Any CPU.ActiveCfg = Debug|Any CPU
		{91EB2AEE-5B3A-4160-AFB2-3B39AFCE61E2}.Debug|Any CPU.Build.0 = Debug|Any CPU
		{91EB2AEE-5B3A-4160-AFB2-3B39AFCE61E2}.Release|Any CPU.ActiveCfg = Release|Any CPU
		{91EB2AEE-5B3A-4160-AFB2-3B39AFCE61E2}.Release|Any CPU.Build.0 = Release|Any CPU
		{481C25C3-F8DB-40D0-8DE0-5D7A2107A645}.Debug|Any CPU.ActiveCfg = Debug|Any CPU
		{481C25C3-F8DB-40D0-8DE0-5D7A2107A645}.Debug|Any CPU.Build.0 = Debug|Any CPU
		{481C25C3-F8DB-40D0-8DE0-5D7A2107A645}.Release|Any CPU.ActiveCfg = Release|Any CPU
		{481C25C3-F8DB-40D0-8DE0-5D7A2107A645}.Release|Any CPU.Build.0 = Release|Any CPU
		{C13062E5-8828-4ACA-8DC1-8716ACC3F42B}.Debug|Any CPU.ActiveCfg = Debug|Any CPU
		{C13062E5-8828-4ACA-8DC1-8716ACC3F42B}.Debug|Any CPU.Build.0 = Debug|Any CPU
		{C13062E5-8828-4ACA-8DC1-8716ACC3F42B}.Release|Any CPU.ActiveCfg = Release|Any CPU
		{C13062E5-8828-4ACA-8DC1-8716ACC3F42B}.Release|Any CPU.Build.0 = Release|Any CPU
		{0555BE94-D4E7-4C12-9A91-C9D2644A982B}.Debug|Any CPU.ActiveCfg = Debug|Any CPU
		{0555BE94-D4E7-4C12-9A91-C9D2644A982B}.Debug|Any CPU.Build.0 = Debug|Any CPU
		{0555BE94-D4E7-4C12-9A91-C9D2644A982B}.Release|Any CPU.ActiveCfg = Release|Any CPU
		{0555BE94-D4E7-4C12-9A91-C9D2644A982B}.Release|Any CPU.Build.0 = Release|Any CPU
	EndGlobalSection
	GlobalSection(SolutionProperties) = preSolution
		HideSolutionNode = FALSE
	EndGlobalSection
	GlobalSection(NestedProjects) = preSolution
		{31949282-4C93-4992-8F47-422A6692D537} = {2F0D8DFB-F4FE-4ED9-82AE-E82FD3F52FFA}
		{64ABA125-745B-46C3-A764-8EE7AFEEFAA1} = {2F0D8DFB-F4FE-4ED9-82AE-E82FD3F52FFA}
		{FEF36460-65ED-42A0-8F1B-EF3B447C1E9B} = {2F0D8DFB-F4FE-4ED9-82AE-E82FD3F52FFA}
		{5552989A-6E6F-497D-95FD-A87B7D123916} = {2F0D8DFB-F4FE-4ED9-82AE-E82FD3F52FFA}
		{312C8699-0C8C-4D27-84B9-0F07F1F02982} = {2F0D8DFB-F4FE-4ED9-82AE-E82FD3F52FFA}
		{91EB2AEE-5B3A-4160-AFB2-3B39AFCE61E2} = {2F0D8DFB-F4FE-4ED9-82AE-E82FD3F52FFA}
		{481C25C3-F8DB-40D0-8DE0-5D7A2107A645} = {2F0D8DFB-F4FE-4ED9-82AE-E82FD3F52FFA}
		{C13062E5-8828-4ACA-8DC1-8716ACC3F42B} = {2F0D8DFB-F4FE-4ED9-82AE-E82FD3F52FFA}
		{0555BE94-D4E7-4C12-9A91-C9D2644A982B} = {2F0D8DFB-F4FE-4ED9-82AE-E82FD3F52FFA}
	EndGlobalSection
EndGlobal
